// !$*UTF8*$!
{
	archiveVersion = 1;
	classes = {
	};
	objectVersion = 52;
	objects = {

/* Begin PBXBuildFile section */
		970C101D24A6DCFA00D93AB8 /* ContactPickerDemoView.swift in Sources */ = {isa = PBXBuildFile; fileRef = 970C101C24A6DCFA00D93AB8 /* ContactPickerDemoView.swift */; };
		975264512499F1DA00A81EFC /* CurrencyTextFieldDemoView.swift in Sources */ = {isa = PBXBuildFile; fileRef = 975264502499F1DA00A81EFC /* CurrencyTextFieldDemoView.swift */; };
		975264532499F2F400A81EFC /* KeyboardAwareDemoView.swift in Sources */ = {isa = PBXBuildFile; fileRef = 975264522499F2F400A81EFC /* KeyboardAwareDemoView.swift */; };
		97A363322460F97A00EDBF6C /* AppDelegate.swift in Sources */ = {isa = PBXBuildFile; fileRef = 97A363312460F97A00EDBF6C /* AppDelegate.swift */; };
		97A363342460F97A00EDBF6C /* SceneDelegate.swift in Sources */ = {isa = PBXBuildFile; fileRef = 97A363332460F97A00EDBF6C /* SceneDelegate.swift */; };
		97A363362460F97A00EDBF6C /* ContentView.swift in Sources */ = {isa = PBXBuildFile; fileRef = 97A363352460F97A00EDBF6C /* ContentView.swift */; };
		97A363382460F97E00EDBF6C /* Assets.xcassets in Resources */ = {isa = PBXBuildFile; fileRef = 97A363372460F97E00EDBF6C /* Assets.xcassets */; };
		97A3633B2460F97E00EDBF6C /* Preview Assets.xcassets in Resources */ = {isa = PBXBuildFile; fileRef = 97A3633A2460F97E00EDBF6C /* Preview Assets.xcassets */; };
		97A3633E2460F97E00EDBF6C /* LaunchScreen.storyboard in Resources */ = {isa = PBXBuildFile; fileRef = 97A3633C2460F97E00EDBF6C /* LaunchScreen.storyboard */; };
		97A363482460FA3600EDBF6C /* SwiftUIKit in Frameworks */ = {isa = PBXBuildFile; productRef = 97A363472460FA3600EDBF6C /* SwiftUIKit */; };
/* End PBXBuildFile section */

/* Begin PBXFileReference section */
		970C101C24A6DCFA00D93AB8 /* ContactPickerDemoView.swift */ = {isa = PBXFileReference; lastKnownFileType = sourcecode.swift; path = ContactPickerDemoView.swift; sourceTree = "<group>"; };
		972A3BE224749537007B3BCF /* SwiftUIKit */ = {isa = PBXFileReference; lastKnownFileType = folder; name = SwiftUIKit; path = ..; sourceTree = "<group>"; };
		975264502499F1DA00A81EFC /* CurrencyTextFieldDemoView.swift */ = {isa = PBXFileReference; lastKnownFileType = sourcecode.swift; path = CurrencyTextFieldDemoView.swift; sourceTree = "<group>"; };
		975264522499F2F400A81EFC /* KeyboardAwareDemoView.swift */ = {isa = PBXFileReference; lastKnownFileType = sourcecode.swift; path = KeyboardAwareDemoView.swift; sourceTree = "<group>"; };
		97A3632E2460F97A00EDBF6C /* SwiftUIKitExampleApp.app */ = {isa = PBXFileReference; explicitFileType = wrapper.application; includeInIndex = 0; path = SwiftUIKitExampleApp.app; sourceTree = BUILT_PRODUCTS_DIR; };
		97A363312460F97A00EDBF6C /* AppDelegate.swift */ = {isa = PBXFileReference; lastKnownFileType = sourcecode.swift; path = AppDelegate.swift; sourceTree = "<group>"; };
		97A363332460F97A00EDBF6C /* SceneDelegate.swift */ = {isa = PBXFileReference; lastKnownFileType = sourcecode.swift; path = SceneDelegate.swift; sourceTree = "<group>"; };
		97A363352460F97A00EDBF6C /* ContentView.swift */ = {isa = PBXFileReference; lastKnownFileType = sourcecode.swift; path = ContentView.swift; sourceTree = "<group>"; };
		97A363372460F97E00EDBF6C /* Assets.xcassets */ = {isa = PBXFileReference; lastKnownFileType = folder.assetcatalog; path = Assets.xcassets; sourceTree = "<group>"; };
		97A3633A2460F97E00EDBF6C /* Preview Assets.xcassets */ = {isa = PBXFileReference; lastKnownFileType = folder.assetcatalog; path = "Preview Assets.xcassets"; sourceTree = "<group>"; };
		97A3633D2460F97E00EDBF6C /* Base */ = {isa = PBXFileReference; lastKnownFileType = file.storyboard; name = Base; path = Base.lproj/LaunchScreen.storyboard; sourceTree = "<group>"; };
		97A3633F2460F97E00EDBF6C /* Info.plist */ = {isa = PBXFileReference; lastKnownFileType = text.plist.xml; path = Info.plist; sourceTree = "<group>"; };
/* End PBXFileReference section */

/* Begin PBXFrameworksBuildPhase section */
		97A3632B2460F97A00EDBF6C /* Frameworks */ = {
			isa = PBXFrameworksBuildPhase;
			buildActionMask = 2147483647;
			files = (
				97A363482460FA3600EDBF6C /* SwiftUIKit in Frameworks */,
			);
			runOnlyForDeploymentPostprocessing = 0;
		};
/* End PBXFrameworksBuildPhase section */

/* Begin PBXGroup section */
		97A363252460F97A00EDBF6C = {
			isa = PBXGroup;
			children = (
				97A363302460F97A00EDBF6C /* SwiftUIKitExampleApp */,
				97A3632F2460F97A00EDBF6C /* Products */,
				972A3BE224749537007B3BCF /* SwiftUIKit */,
				97A363462460FA3600EDBF6C /* Frameworks */,
			);
			sourceTree = "<group>";
		};
		97A3632F2460F97A00EDBF6C /* Products */ = {
			isa = PBXGroup;
			children = (
				97A3632E2460F97A00EDBF6C /* SwiftUIKitExampleApp.app */,
			);
			name = Products;
			sourceTree = "<group>";
		};
		97A363302460F97A00EDBF6C /* SwiftUIKitExampleApp */ = {
			isa = PBXGroup;
			children = (
				97A363312460F97A00EDBF6C /* AppDelegate.swift */,
				97A363332460F97A00EDBF6C /* SceneDelegate.swift */,
				97A363352460F97A00EDBF6C /* ContentView.swift */,
				975264522499F2F400A81EFC /* KeyboardAwareDemoView.swift */,
				975264502499F1DA00A81EFC /* CurrencyTextFieldDemoView.swift */,
				970C101C24A6DCFA00D93AB8 /* ContactPickerDemoView.swift */,
				97A363372460F97E00EDBF6C /* Assets.xcassets */,
				97A3633C2460F97E00EDBF6C /* LaunchScreen.storyboard */,
				97A3633F2460F97E00EDBF6C /* Info.plist */,
				97A363392460F97E00EDBF6C /* Preview Content */,
			);
			path = SwiftUIKitExampleApp;
			sourceTree = "<group>";
		};
		97A363392460F97E00EDBF6C /* Preview Content */ = {
			isa = PBXGroup;
			children = (
				97A3633A2460F97E00EDBF6C /* Preview Assets.xcassets */,
			);
			path = "Preview Content";
			sourceTree = "<group>";
		};
		97A363462460FA3600EDBF6C /* Frameworks */ = {
			isa = PBXGroup;
			children = (
			);
			name = Frameworks;
			sourceTree = "<group>";
		};
/* End PBXGroup section */

/* Begin PBXNativeTarget section */
		97A3632D2460F97A00EDBF6C /* SwiftUIKitExampleApp */ = {
			isa = PBXNativeTarget;
			buildConfigurationList = 97A363422460F97E00EDBF6C /* Build configuration list for PBXNativeTarget "SwiftUIKitExampleApp" */;
			buildPhases = (
				97A3632A2460F97A00EDBF6C /* Sources */,
				97A3632B2460F97A00EDBF6C /* Frameworks */,
				97A3632C2460F97A00EDBF6C /* Resources */,
			);
			buildRules = (
			);
			dependencies = (
			);
			name = SwiftUIKitExampleApp;
			packageProductDependencies = (
				97A363472460FA3600EDBF6C /* SwiftUIKit */,
			);
			productName = SwiftUIKitExampleApp;
			productReference = 97A3632E2460F97A00EDBF6C /* SwiftUIKitExampleApp.app */;
			productType = "com.apple.product-type.application";
		};
/* End PBXNativeTarget section */

/* Begin PBXProject section */
		97A363262460F97A00EDBF6C /* Project object */ = {
			isa = PBXProject;
			attributes = {
				LastSwiftUpdateCheck = 1130;
				LastUpgradeCheck = 1130;
				ORGANIZATIONNAME = youjinp;
				TargetAttributes = {
					97A3632D2460F97A00EDBF6C = {
						CreatedOnToolsVersion = 11.3;
					};
				};
			};
			buildConfigurationList = 97A363292460F97A00EDBF6C /* Build configuration list for PBXProject "SwiftUIKitExampleApp" */;
			compatibilityVersion = "Xcode 9.3";
			developmentRegion = en;
			hasScannedForEncodings = 0;
			knownRegions = (
				en,
				Base,
			);
			mainGroup = 97A363252460F97A00EDBF6C;
			productRefGroup = 97A3632F2460F97A00EDBF6C /* Products */;
			projectDirPath = "";
			projectRoot = "";
			targets = (
				97A3632D2460F97A00EDBF6C /* SwiftUIKitExampleApp */,
			);
		};
/* End PBXProject section */

/* Begin PBXResourcesBuildPhase section */
		97A3632C2460F97A00EDBF6C /* Resources */ = {
			isa = PBXResourcesBuildPhase;
			buildActionMask = 2147483647;
			files = (
				97A3633E2460F97E00EDBF6C /* LaunchScreen.storyboard in Resources */,
				97A3633B2460F97E00EDBF6C /* Preview Assets.xcassets in Resources */,
				97A363382460F97E00EDBF6C /* Assets.xcassets in Resources */,
			);
			runOnlyForDeploymentPostprocessing = 0;
		};
/* End PBXResourcesBuildPhase section */

/* Begin PBXSourcesBuildPhase section */
		97A3632A2460F97A00EDBF6C /* Sources */ = {
			isa = PBXSourcesBuildPhase;
			buildActionMask = 2147483647;
			files = (
				97A363322460F97A00EDBF6C /* AppDelegate.swift in Sources */,
				97A363342460F97A00EDBF6C /* SceneDelegate.swift in Sources */,
				970C101D24A6DCFA00D93AB8 /* ContactPickerDemoView.swift in Sources */,
				975264532499F2F400A81EFC /* KeyboardAwareDemoView.swift in Sources */,
				975264512499F1DA00A81EFC /* CurrencyTextFieldDemoView.swift in Sources */,
				97A363362460F97A00EDBF6C /* ContentView.swift in Sources */,
			);
			runOnlyForDeploymentPostprocessing = 0;
		};
/* End PBXSourcesBuildPhase section */

/* Begin PBXVariantGroup section */
		97A3633C2460F97E00EDBF6C /* LaunchScreen.storyboard */ = {
			isa = PBXVariantGroup;
			children = (
				97A3633D2460F97E00EDBF6C /* Base */,
			);
			name = LaunchScreen.storyboard;
			sourceTree = "<group>";
		};
/* End PBXVariantGroup section */

/* Begin XCBuildConfiguration section */
		97A363402460F97E00EDBF6C /* Debug */ = {
			isa = XCBuildConfiguration;
			buildSettings = {
				ALWAYS_SEARCH_USER_PATHS = NO;
				CLANG_ANALYZER_NONNULL = YES;
				CLANG_ANALYZER_NUMBER_OBJECT_CONVERSION = YES_AGGRESSIVE;
				CLANG_CXX_LANGUAGE_STANDARD = "gnu++14";
				CLANG_CXX_LIBRARY = "libc++";
				CLANG_ENABLE_MODULES = YES;
				CLANG_ENABLE_OBJC_ARC = YES;
				CLANG_ENABLE_OBJC_WEAK = YES;
				CLANG_WARN_BLOCK_CAPTURE_AUTORELEASING = YES;
				CLANG_WARN_BOOL_CONVERSION = YES;
				CLANG_WARN_COMMA = YES;
				CLANG_WARN_CONSTANT_CONVERSION = YES;
				CLANG_WARN_DEPRECATED_OBJC_IMPLEMENTATIONS = YES;
				CLANG_WARN_DIRECT_OBJC_ISA_USAGE = YES_ERROR;
				CLANG_WARN_DOCUMENTATION_COMMENTS = YES;
				CLANG_WARN_EMPTY_BODY = YES;
				CLANG_WARN_ENUM_CONVERSION = YES;
				CLANG_WARN_INFINITE_RECURSION = YES;
				CLANG_WARN_INT_CONVERSION = YES;
				CLANG_WARN_NON_LITERAL_NULL_CONVERSION = YES;
				CLANG_WARN_OBJC_IMPLICIT_RETAIN_SELF = YES;
				CLANG_WARN_OBJC_LITERAL_CONVERSION = YES;
				CLANG_WARN_OBJC_ROOT_CLASS = YES_ERROR;
				CLANG_WARN_RANGE_LOOP_ANALYSIS = YES;
				CLANG_WARN_STRICT_PROTOTYPES = YES;
				CLANG_WARN_SUSPICIOUS_MOVE = YES;
				CLANG_WARN_UNGUARDED_AVAILABILITY = YES_AGGRESSIVE;
				CLANG_WARN_UNREACHABLE_CODE = YES;
				CLANG_WARN__DUPLICATE_METHOD_MATCH = YES;
				COPY_PHASE_STRIP = NO;
				DEBUG_INFORMATION_FORMAT = dwarf;
				ENABLE_STRICT_OBJC_MSGSEND = YES;
				ENABLE_TESTABILITY = YES;
				GCC_C_LANGUAGE_STANDARD = gnu11;
				GCC_DYNAMIC_NO_PIC = NO;
				GCC_NO_COMMON_BLOCKS = YES;
				GCC_OPTIMIZATION_LEVEL = 0;
				GCC_PREPROCESSOR_DEFINITIONS = (
					"DEBUG=1",
					"$(inherited)",
				);
				GCC_WARN_64_TO_32_BIT_CONVERSION = YES;
				GCC_WARN_ABOUT_RETURN_TYPE = YES_ERROR;
				GCC_WARN_UNDECLARED_SELECTOR = YES;
				GCC_WARN_UNINITIALIZED_AUTOS = YES_AGGRESSIVE;
				GCC_WARN_UNUSED_FUNCTION = YES;
				GCC_WARN_UNUSED_VARIABLE = YES;
				IPHONEOS_DEPLOYMENT_TARGET = 13.2;
				MTL_ENABLE_DEBUG_INFO = INCLUDE_SOURCE;
				MTL_FAST_MATH = YES;
				ONLY_ACTIVE_ARCH = YES;
				SDKROOT = iphoneos;
				SWIFT_ACTIVE_COMPILATION_CONDITIONS = DEBUG;
				SWIFT_OPTIMIZATION_LEVEL = "-Onone";
			};
			name = Debug;
		};
		97A363412460F97E00EDBF6C /* Release */ = {
			isa = XCBuildConfiguration;
			buildSettings = {
				ALWAYS_SEARCH_USER_PATHS = NO;
				CLANG_ANALYZER_NONNULL = YES;
				CLANG_ANALYZER_NUMBER_OBJECT_CONVERSION = YES_AGGRESSIVE;
				CLANG_CXX_LANGUAGE_STANDARD = "gnu++14";
				CLANG_CXX_LIBRARY = "libc++";
				CLANG_ENABLE_MODULES = YES;
				CLANG_ENABLE_OBJC_ARC = YES;
				CLANG_ENABLE_OBJC_WEAK = YES;
				CLANG_WARN_BLOCK_CAPTURE_AUTORELEASING = YES;
				CLANG_WARN_BOOL_CONVERSION = YES;
				CLANG_WARN_COMMA = YES;
				CLANG_WARN_CONSTANT_CONVERSION = YES;
				CLANG_WARN_DEPRECATED_OBJC_IMPLEMENTATIONS = YES;
				CLANG_WARN_DIRECT_OBJC_ISA_USAGE = YES_ERROR;
				CLANG_WARN_DOCUMENTATION_COMMENTS = YES;
				CLANG_WARN_EMPTY_BODY = YES;
				CLANG_WARN_ENUM_CONVERSION = YES;
				CLANG_WARN_INFINITE_RECURSION = YES;
				CLANG_WARN_INT_CONVERSION = YES;
				CLANG_WARN_NON_LITERAL_NULL_CONVERSION = YES;
				CLANG_WARN_OBJC_IMPLICIT_RETAIN_SELF = YES;
				CLANG_WARN_OBJC_LITERAL_CONVERSION = YES;
				CLANG_WARN_OBJC_ROOT_CLASS = YES_ERROR;
				CLANG_WARN_RANGE_LOOP_ANALYSIS = YES;
				CLANG_WARN_STRICT_PROTOTYPES = YES;
				CLANG_WARN_SUSPICIOUS_MOVE = YES;
				CLANG_WARN_UNGUARDED_AVAILABILITY = YES_AGGRESSIVE;
				CLANG_WARN_UNREACHABLE_CODE = YES;
				CLANG_WARN__DUPLICATE_METHOD_MATCH = YES;
				COPY_PHASE_STRIP = NO;
				DEBUG_INFORMATION_FORMAT = "dwarf-with-dsym";
				ENABLE_NS_ASSERTIONS = NO;
				ENABLE_STRICT_OBJC_MSGSEND = YES;
				GCC_C_LANGUAGE_STANDARD = gnu11;
				GCC_NO_COMMON_BLOCKS = YES;
				GCC_WARN_64_TO_32_BIT_CONVERSION = YES;
				GCC_WARN_ABOUT_RETURN_TYPE = YES_ERROR;
				GCC_WARN_UNDECLARED_SELECTOR = YES;
				GCC_WARN_UNINITIALIZED_AUTOS = YES_AGGRESSIVE;
				GCC_WARN_UNUSED_FUNCTION = YES;
				GCC_WARN_UNUSED_VARIABLE = YES;
				IPHONEOS_DEPLOYMENT_TARGET = 13.2;
				MTL_ENABLE_DEBUG_INFO = NO;
				MTL_FAST_MATH = YES;
				SDKROOT = iphoneos;
				SWIFT_COMPILATION_MODE = wholemodule;
				SWIFT_OPTIMIZATION_LEVEL = "-O";
				VALIDATE_PRODUCT = YES;
			};
			name = Release;
		};
		97A363432460F97E00EDBF6C /* Debug */ = {
			isa = XCBuildConfiguration;
			buildSettings = {
				ASSETCATALOG_COMPILER_APPICON_NAME = AppIcon;
				CODE_SIGN_STYLE = Automatic;
				DEVELOPMENT_ASSET_PATHS = "\"SwiftUIKitExampleApp/Preview Content\"";
				DEVELOPMENT_TEAM = W6WL4SP646;
				ENABLE_PREVIEWS = YES;
				INFOPLIST_FILE = SwiftUIKitExampleApp/Info.plist;
				LD_RUNPATH_SEARCH_PATHS = (
					"$(inherited)",
					"@executable_path/Frameworks",
				);
				PRODUCT_BUNDLE_IDENTIFIER = com.youjinp.SwiftUIKitExampleApp;
				PRODUCT_NAME = "$(TARGET_NAME)";
				SWIFT_VERSION = 5.0;
				TARGETED_DEVICE_FAMILY = "1,2";
			};
			name = Debug;
		};
		97A363442460F97E00EDBF6C /* Release */ = {
			isa = XCBuildConfiguration;
			buildSettings = {
				ASSETCATALOG_COMPILER_APPICON_NAME = AppIcon;
				CODE_SIGN_STYLE = Automatic;
				DEVELOPMENT_ASSET_PATHS = "\"SwiftUIKitExampleApp/Preview Content\"";
				DEVELOPMENT_TEAM = W6WL4SP646;
				ENABLE_PREVIEWS = YES;
				INFOPLIST_FILE = SwiftUIKitExampleApp/Info.plist;
				LD_RUNPATH_SEARCH_PATHS = (
					"$(inherited)",
					"@executable_path/Frameworks",
				);
				PRODUCT_BUNDLE_IDENTIFIER = com.youjinp.SwiftUIKitExampleApp;
				PRODUCT_NAME = "$(TARGET_NAME)";
				SWIFT_VERSION = 5.0;
				TARGETED_DEVICE_FAMILY = "1,2";
			};
			name = Release;
		};
/* End XCBuildConfiguration section */

/* Begin XCConfigurationList section */
		97A363292460F97A00EDBF6C /* Build configuration list for PBXProject "SwiftUIKitExampleApp" */ = {
			isa = XCConfigurationList;
			buildConfigurations = (
				97A363402460F97E00EDBF6C /* Debug */,
				97A363412460F97E00EDBF6C /* Release */,
			);
			defaultConfigurationIsVisible = 0;
			defaultConfigurationName = Release;
		};
		97A363422460F97E00EDBF6C /* Build configuration list for PBXNativeTarget "SwiftUIKitExampleApp" */ = {
			isa = XCConfigurationList;
			buildConfigurations = (
				97A363432460F97E00EDBF6C /* Debug */,
				97A363442460F97E00EDBF6C /* Release */,
			);
			defaultConfigurationIsVisible = 0;
			defaultConfigurationName = Release;
		};
/* End XCConfigurationList section */

/* Begin XCSwiftPackageProductDependency section */
		97A363472460FA3600EDBF6C /* SwiftUIKit */ = {
			isa = XCSwiftPackageProductDependency;
			productName = SwiftUIKit;
		};
/* End XCSwiftPackageProductDependency section */
	};
	rootObject = 97A363262460F97A00EDBF6C /* Project object */;
}
